// !$*UTF8*$!
{
	archiveVersion = 1;
	classes = {
	};
	objectVersion = 56;
	objects = {

/* Begin PBXBuildFile section */
		2721D9C6297B3E3A001DD2CA /* NotesFilter.swift in Sources */ = {isa = PBXBuildFile; fileRef = 2721D9C5297B3E3A001DD2CA /* NotesFilter.swift */; };
		27B0E527297A275E00EFC8DF /* netForemostTestApp.swift in Sources */ = {isa = PBXBuildFile; fileRef = 27B0E526297A275E00EFC8DF /* netForemostTestApp.swift */; };
		27B0E529297A275E00EFC8DF /* ContentView.swift in Sources */ = {isa = PBXBuildFile; fileRef = 27B0E528297A275E00EFC8DF /* ContentView.swift */; };
		27B0E52B297A275F00EFC8DF /* Assets.xcassets in Resources */ = {isa = PBXBuildFile; fileRef = 27B0E52A297A275F00EFC8DF /* Assets.xcassets */; };
		27B0E52E297A275F00EFC8DF /* Preview Assets.xcassets in Resources */ = {isa = PBXBuildFile; fileRef = 27B0E52D297A275F00EFC8DF /* Preview Assets.xcassets */; };
		27B0E537297A28E400EFC8DF /* Notes.xcdatamodeld in Sources */ = {isa = PBXBuildFile; fileRef = 27B0E535297A28E400EFC8DF /* Notes.xcdatamodeld */; };
		27B0E53A297A2A7F00EFC8DF /* NoteModel.swift in Sources */ = {isa = PBXBuildFile; fileRef = 27B0E539297A2A7F00EFC8DF /* NoteModel.swift */; };
		27B0E540297A2FC300EFC8DF /* NoteView.swift in Sources */ = {isa = PBXBuildFile; fileRef = 27B0E53F297A2FC300EFC8DF /* NoteView.swift */; };
		27B0E542297A336100EFC8DF /* NoteViewModel.swift in Sources */ = {isa = PBXBuildFile; fileRef = 27B0E541297A336100EFC8DF /* NoteViewModel.swift */; };
		27B9C6CC297AFF7A007C87AC /* Localizable.strings in Resources */ = {isa = PBXBuildFile; fileRef = 27B9C6CE297AFF7A007C87AC /* Localizable.strings */; };
		27B9C6D0297B0DB4007C87AC /* NotesView.swift in Sources */ = {isa = PBXBuildFile; fileRef = 27B9C6CF297B0DB4007C87AC /* NotesView.swift */; };
		27B9C6D2297B0F1E007C87AC /* NoteDetailView.swift in Sources */ = {isa = PBXBuildFile; fileRef = 27B9C6D1297B0F1E007C87AC /* NoteDetailView.swift */; };
		27B9C6D5297B1176007C87AC /* Date.swift in Sources */ = {isa = PBXBuildFile; fileRef = 27B9C6D4297B1176007C87AC /* Date.swift */; };
/* End PBXBuildFile section */

/* Begin PBXFileReference section */
		2721D9C5297B3E3A001DD2CA /* NotesFilter.swift */ = {isa = PBXFileReference; lastKnownFileType = sourcecode.swift; path = NotesFilter.swift; sourceTree = "<group>"; };
		27B0E523297A275E00EFC8DF /* netForemostTest.app */ = {isa = PBXFileReference; explicitFileType = wrapper.application; includeInIndex = 0; path = netForemostTest.app; sourceTree = BUILT_PRODUCTS_DIR; };
		27B0E526297A275E00EFC8DF /* netForemostTestApp.swift */ = {isa = PBXFileReference; lastKnownFileType = sourcecode.swift; path = netForemostTestApp.swift; sourceTree = "<group>"; };
		27B0E528297A275E00EFC8DF /* ContentView.swift */ = {isa = PBXFileReference; lastKnownFileType = sourcecode.swift; path = ContentView.swift; sourceTree = "<group>"; };
		27B0E52A297A275F00EFC8DF /* Assets.xcassets */ = {isa = PBXFileReference; lastKnownFileType = folder.assetcatalog; path = Assets.xcassets; sourceTree = "<group>"; };
		27B0E52D297A275F00EFC8DF /* Preview Assets.xcassets */ = {isa = PBXFileReference; lastKnownFileType = folder.assetcatalog; path = "Preview Assets.xcassets"; sourceTree = "<group>"; };
		27B0E536297A28E400EFC8DF /* Notes.xcdatamodel */ = {isa = PBXFileReference; lastKnownFileType = wrapper.xcdatamodel; path = Notes.xcdatamodel; sourceTree = "<group>"; };
		27B0E539297A2A7F00EFC8DF /* NoteModel.swift */ = {isa = PBXFileReference; lastKnownFileType = sourcecode.swift; path = NoteModel.swift; sourceTree = "<group>"; };
		27B0E53F297A2FC300EFC8DF /* NoteView.swift */ = {isa = PBXFileReference; lastKnownFileType = sourcecode.swift; path = NoteView.swift; sourceTree = "<group>"; };
		27B0E541297A336100EFC8DF /* NoteViewModel.swift */ = {isa = PBXFileReference; lastKnownFileType = sourcecode.swift; path = NoteViewModel.swift; sourceTree = "<group>"; };
		27B9C6CD297AFF7A007C87AC /* en */ = {isa = PBXFileReference; lastKnownFileType = text.plist.strings; name = en; path = en.lproj/Localizable.strings; sourceTree = "<group>"; };
		27B9C6CF297B0DB4007C87AC /* NotesView.swift */ = {isa = PBXFileReference; lastKnownFileType = sourcecode.swift; path = NotesView.swift; sourceTree = "<group>"; };
		27B9C6D1297B0F1E007C87AC /* NoteDetailView.swift */ = {isa = PBXFileReference; lastKnownFileType = sourcecode.swift; path = NoteDetailView.swift; sourceTree = "<group>"; };
		27B9C6D4297B1176007C87AC /* Date.swift */ = {isa = PBXFileReference; lastKnownFileType = sourcecode.swift; path = Date.swift; sourceTree = "<group>"; };
/* End PBXFileReference section */

/* Begin PBXFrameworksBuildPhase section */
		27B0E520297A275E00EFC8DF /* Frameworks */ = {
			isa = PBXFrameworksBuildPhase;
			buildActionMask = 2147483647;
			files = (
			);
			runOnlyForDeploymentPostprocessing = 0;
		};
/* End PBXFrameworksBuildPhase section */

/* Begin PBXGroup section */
		27B0E51A297A275E00EFC8DF = {
			isa = PBXGroup;
			children = (
				27B0E525297A275E00EFC8DF /* netForemostTest */,
				27B0E524297A275E00EFC8DF /* Products */,
			);
			sourceTree = "<group>";
		};
		27B0E524297A275E00EFC8DF /* Products */ = {
			isa = PBXGroup;
			children = (
				27B0E523297A275E00EFC8DF /* netForemostTest.app */,
			);
			name = Products;
			sourceTree = "<group>";
		};
		27B0E525297A275E00EFC8DF /* netForemostTest */ = {
			isa = PBXGroup;
			children = (
				27B9C6D3297B116C007C87AC /* Extension */,
				27B9C6C9297AFF34007C87AC /* Localization */,
				27B0E53C297A2D2300EFC8DF /* ViewModels */,
				27B0E53B297A2D1F00EFC8DF /* Views */,
				27B0E538297A2A7400EFC8DF /* Models */,
				27B0E534297A28D300EFC8DF /* CoreDataModels */,
				27B0E526297A275E00EFC8DF /* netForemostTestApp.swift */,
				27B0E528297A275E00EFC8DF /* ContentView.swift */,
				27B0E52A297A275F00EFC8DF /* Assets.xcassets */,
				27B0E52C297A275F00EFC8DF /* Preview Content */,
			);
			path = netForemostTest;
			sourceTree = "<group>";
		};
		27B0E52C297A275F00EFC8DF /* Preview Content */ = {
			isa = PBXGroup;
			children = (
				27B0E52D297A275F00EFC8DF /* Preview Assets.xcassets */,
			);
			path = "Preview Content";
			sourceTree = "<group>";
		};
		27B0E534297A28D300EFC8DF /* CoreDataModels */ = {
			isa = PBXGroup;
			children = (
				27B0E535297A28E400EFC8DF /* Notes.xcdatamodeld */,
			);
			path = CoreDataModels;
			sourceTree = "<group>";
		};
		27B0E538297A2A7400EFC8DF /* Models */ = {
			isa = PBXGroup;
			children = (
				27B0E539297A2A7F00EFC8DF /* NoteModel.swift */,
			);
			path = Models;
			sourceTree = "<group>";
		};
		27B0E53B297A2D1F00EFC8DF /* Views */ = {
			isa = PBXGroup;
			children = (
				27B0E53F297A2FC300EFC8DF /* NoteView.swift */,
				27B9C6CF297B0DB4007C87AC /* NotesView.swift */,
				27B9C6D1297B0F1E007C87AC /* NoteDetailView.swift */,
				2721D9C5297B3E3A001DD2CA /* NotesFilter.swift */,
			);
			path = Views;
			sourceTree = "<group>";
		};
		27B0E53C297A2D2300EFC8DF /* ViewModels */ = {
			isa = PBXGroup;
			children = (
				27B0E541297A336100EFC8DF /* NoteViewModel.swift */,
			);
			path = ViewModels;
			sourceTree = "<group>";
		};
		27B9C6C9297AFF34007C87AC /* Localization */ = {
			isa = PBXGroup;
			children = (
				27B9C6CE297AFF7A007C87AC /* Localizable.strings */,
			);
			path = Localization;
			sourceTree = "<group>";
		};
		27B9C6D3297B116C007C87AC /* Extension */ = {
			isa = PBXGroup;
			children = (
				27B9C6D4297B1176007C87AC /* Date.swift */,
			);
			path = Extension;
			sourceTree = "<group>";
		};
/* End PBXGroup section */

/* Begin PBXNativeTarget section */
		27B0E522297A275E00EFC8DF /* netForemostTest */ = {
			isa = PBXNativeTarget;
			buildConfigurationList = 27B0E531297A275F00EFC8DF /* Build configuration list for PBXNativeTarget "netForemostTest" */;
			buildPhases = (
				27B0E51F297A275E00EFC8DF /* Sources */,
				27B0E520297A275E00EFC8DF /* Frameworks */,
				27B0E521297A275E00EFC8DF /* Resources */,
			);
			buildRules = (
			);
			dependencies = (
			);
			name = netForemostTest;
			productName = netForemostTest;
			productReference = 27B0E523297A275E00EFC8DF /* netForemostTest.app */;
			productType = "com.apple.product-type.application";
		};
/* End PBXNativeTarget section */

/* Begin PBXProject section */
		27B0E51B297A275E00EFC8DF /* Project object */ = {
			isa = PBXProject;
			attributes = {
				BuildIndependentTargetsInParallel = 1;
				LastSwiftUpdateCheck = 1410;
				LastUpgradeCheck = 1410;
				TargetAttributes = {
					27B0E522297A275E00EFC8DF = {
						CreatedOnToolsVersion = 14.1;
					};
				};
			};
			buildConfigurationList = 27B0E51E297A275E00EFC8DF /* Build configuration list for PBXProject "netForemostTest" */;
			compatibilityVersion = "Xcode 14.0";
			developmentRegion = en;
			hasScannedForEncodings = 0;
			knownRegions = (
				en,
				Base,
			);
			mainGroup = 27B0E51A297A275E00EFC8DF;
			productRefGroup = 27B0E524297A275E00EFC8DF /* Products */;
			projectDirPath = "";
			projectRoot = "";
			targets = (
				27B0E522297A275E00EFC8DF /* netForemostTest */,
			);
		};
/* End PBXProject section */

/* Begin PBXResourcesBuildPhase section */
		27B0E521297A275E00EFC8DF /* Resources */ = {
			isa = PBXResourcesBuildPhase;
			buildActionMask = 2147483647;
			files = (
				27B0E52E297A275F00EFC8DF /* Preview Assets.xcassets in Resources */,
				27B0E52B297A275F00EFC8DF /* Assets.xcassets in Resources */,
				27B9C6CC297AFF7A007C87AC /* Localizable.strings in Resources */,
			);
			runOnlyForDeploymentPostprocessing = 0;
		};
/* End PBXResourcesBuildPhase section */

/* Begin PBXSourcesBuildPhase section */
		27B0E51F297A275E00EFC8DF /* Sources */ = {
			isa = PBXSourcesBuildPhase;
			buildActionMask = 2147483647;
			files = (
				27B9C6D0297B0DB4007C87AC /* NotesView.swift in Sources */,
				2721D9C6297B3E3A001DD2CA /* NotesFilter.swift in Sources */,
				27B0E529297A275E00EFC8DF /* ContentView.swift in Sources */,
				27B0E540297A2FC300EFC8DF /* NoteView.swift in Sources */,
				27B9C6D2297B0F1E007C87AC /* NoteDetailView.swift in Sources */,
				27B0E542297A336100EFC8DF /* NoteViewModel.swift in Sources */,
				27B0E537297A28E400EFC8DF /* Notes.xcdatamodeld in Sources */,
				27B0E527297A275E00EFC8DF /* netForemostTestApp.swift in Sources */,
				27B9C6D5297B1176007C87AC /* Date.swift in Sources */,
				27B0E53A297A2A7F00EFC8DF /* NoteModel.swift in Sources */,
			);
			runOnlyForDeploymentPostprocessing = 0;
		};
/* End PBXSourcesBuildPhase section */

/* Begin PBXVariantGroup section */
		27B9C6CE297AFF7A007C87AC /* Localizable.strings */ = {
			isa = PBXVariantGroup;
			children = (
				27B9C6CD297AFF7A007C87AC /* en */,
			);
			name = Localizable.strings;
			sourceTree = "<group>";
		};
/* End PBXVariantGroup section */

/* Begin XCBuildConfiguration section */
		27B0E52F297A275F00EFC8DF /* Debug */ = {
			isa = XCBuildConfiguration;
			buildSettings = {
				ALWAYS_SEARCH_USER_PATHS = NO;
				CLANG_ANALYZER_NONNULL = YES;
				CLANG_ANALYZER_NUMBER_OBJECT_CONVERSION = YES_AGGRESSIVE;
				CLANG_CXX_LANGUAGE_STANDARD = "gnu++20";
				CLANG_ENABLE_MODULES = YES;
				CLANG_ENABLE_OBJC_ARC = YES;
				CLANG_ENABLE_OBJC_WEAK = YES;
				CLANG_WARN_BLOCK_CAPTURE_AUTORELEASING = YES;
				CLANG_WARN_BOOL_CONVERSION = YES;
				CLANG_WARN_COMMA = YES;
				CLANG_WARN_CONSTANT_CONVERSION = YES;
				CLANG_WARN_DEPRECATED_OBJC_IMPLEMENTATIONS = YES;
				CLANG_WARN_DIRECT_OBJC_ISA_USAGE = YES_ERROR;
				CLANG_WARN_DOCUMENTATION_COMMENTS = YES;
				CLANG_WARN_EMPTY_BODY = YES;
				CLANG_WARN_ENUM_CONVERSION = YES;
				CLANG_WARN_INFINITE_RECURSION = YES;
				CLANG_WARN_INT_CONVERSION = YES;
				CLANG_WARN_NON_LITERAL_NULL_CONVERSION = YES;
				CLANG_WARN_OBJC_IMPLICIT_RETAIN_SELF = YES;
				CLANG_WARN_OBJC_LITERAL_CONVERSION = YES;
				CLANG_WARN_OBJC_ROOT_CLASS = YES_ERROR;
				CLANG_WARN_QUOTED_INCLUDE_IN_FRAMEWORK_HEADER = YES;
				CLANG_WARN_RANGE_LOOP_ANALYSIS = YES;
				CLANG_WARN_STRICT_PROTOTYPES = YES;
				CLANG_WARN_SUSPICIOUS_MOVE = YES;
				CLANG_WARN_UNGUARDED_AVAILABILITY = YES_AGGRESSIVE;
				CLANG_WARN_UNREACHABLE_CODE = YES;
				CLANG_WARN__DUPLICATE_METHOD_MATCH = YES;
				COPY_PHASE_STRIP = NO;
				DEBUG_INFORMATION_FORMAT = dwarf;
				ENABLE_STRICT_OBJC_MSGSEND = YES;
				ENABLE_TESTABILITY = YES;
				GCC_C_LANGUAGE_STANDARD = gnu11;
				GCC_DYNAMIC_NO_PIC = NO;
				GCC_NO_COMMON_BLOCKS = YES;
				GCC_OPTIMIZATION_LEVEL = 0;
				GCC_PREPROCESSOR_DEFINITIONS = (
					"DEBUG=1",
					"$(inherited)",
				);
				GCC_WARN_64_TO_32_BIT_CONVERSION = YES;
				GCC_WARN_ABOUT_RETURN_TYPE = YES_ERROR;
				GCC_WARN_UNDECLARED_SELECTOR = YES;
				GCC_WARN_UNINITIALIZED_AUTOS = YES_AGGRESSIVE;
				GCC_WARN_UNUSED_FUNCTION = YES;
				GCC_WARN_UNUSED_VARIABLE = YES;
				IPHONEOS_DEPLOYMENT_TARGET = 16.1;
				MTL_ENABLE_DEBUG_INFO = INCLUDE_SOURCE;
				MTL_FAST_MATH = YES;
				ONLY_ACTIVE_ARCH = YES;
				SDKROOT = iphoneos;
				SWIFT_ACTIVE_COMPILATION_CONDITIONS = DEBUG;
				SWIFT_OPTIMIZATION_LEVEL = "-Onone";
			};
			name = Debug;
		};
		27B0E530297A275F00EFC8DF /* Release */ = {
			isa = XCBuildConfiguration;
			buildSettings = {
				ALWAYS_SEARCH_USER_PATHS = NO;
				CLANG_ANALYZER_NONNULL = YES;
				CLANG_ANALYZER_NUMBER_OBJECT_CONVERSION = YES_AGGRESSIVE;
				CLANG_CXX_LANGUAGE_STANDARD = "gnu++20";
				CLANG_ENABLE_MODULES = YES;
				CLANG_ENABLE_OBJC_ARC = YES;
				CLANG_ENABLE_OBJC_WEAK = YES;
				CLANG_WARN_BLOCK_CAPTURE_AUTORELEASING = YES;
				CLANG_WARN_BOOL_CONVERSION = YES;
				CLANG_WARN_COMMA = YES;
				CLANG_WARN_CONSTANT_CONVERSION = YES;
				CLANG_WARN_DEPRECATED_OBJC_IMPLEMENTATIONS = YES;
				CLANG_WARN_DIRECT_OBJC_ISA_USAGE = YES_ERROR;
				CLANG_WARN_DOCUMENTATION_COMMENTS = YES;
				CLANG_WARN_EMPTY_BODY = YES;
				CLANG_WARN_ENUM_CONVERSION = YES;
				CLANG_WARN_INFINITE_RECURSION = YES;
				CLANG_WARN_INT_CONVERSION = YES;
				CLANG_WARN_NON_LITERAL_NULL_CONVERSION = YES;
				CLANG_WARN_OBJC_IMPLICIT_RETAIN_SELF = YES;
				CLANG_WARN_OBJC_LITERAL_CONVERSION = YES;
				CLANG_WARN_OBJC_ROOT_CLASS = YES_ERROR;
				CLANG_WARN_QUOTED_INCLUDE_IN_FRAMEWORK_HEADER = YES;
				CLANG_WARN_RANGE_LOOP_ANALYSIS = YES;
				CLANG_WARN_STRICT_PROTOTYPES = YES;
				CLANG_WARN_SUSPICIOUS_MOVE = YES;
				CLANG_WARN_UNGUARDED_AVAILABILITY = YES_AGGRESSIVE;
				CLANG_WARN_UNREACHABLE_CODE = YES;
				CLANG_WARN__DUPLICATE_METHOD_MATCH = YES;
				COPY_PHASE_STRIP = NO;
				DEBUG_INFORMATION_FORMAT = "dwarf-with-dsym";
				ENABLE_NS_ASSERTIONS = NO;
				ENABLE_STRICT_OBJC_MSGSEND = YES;
				GCC_C_LANGUAGE_STANDARD = gnu11;
				GCC_NO_COMMON_BLOCKS = YES;
				GCC_WARN_64_TO_32_BIT_CONVERSION = YES;
				GCC_WARN_ABOUT_RETURN_TYPE = YES_ERROR;
				GCC_WARN_UNDECLARED_SELECTOR = YES;
				GCC_WARN_UNINITIALIZED_AUTOS = YES_AGGRESSIVE;
				GCC_WARN_UNUSED_FUNCTION = YES;
				GCC_WARN_UNUSED_VARIABLE = YES;
				IPHONEOS_DEPLOYMENT_TARGET = 16.1;
				MTL_ENABLE_DEBUG_INFO = NO;
				MTL_FAST_MATH = YES;
				SDKROOT = iphoneos;
				SWIFT_COMPILATION_MODE = wholemodule;
				SWIFT_OPTIMIZATION_LEVEL = "-O";
				VALIDATE_PRODUCT = YES;
			};
			name = Release;
		};
		27B0E532297A275F00EFC8DF /* Debug */ = {
			isa = XCBuildConfiguration;
			buildSettings = {
				ASSETCATALOG_COMPILER_APPICON_NAME = AppIcon;
				ASSETCATALOG_COMPILER_GLOBAL_ACCENT_COLOR_NAME = AccentColor;
				CODE_SIGN_STYLE = Automatic;
				CURRENT_PROJECT_VERSION = 1;
				DEVELOPMENT_ASSET_PATHS = "\"netForemostTest/Preview Content\"";
				DEVELOPMENT_TEAM = C32JU8F72P;
				ENABLE_PREVIEWS = YES;
				GENERATE_INFOPLIST_FILE = YES;
				INFOPLIST_KEY_UIApplicationSceneManifest_Generation = YES;
				INFOPLIST_KEY_UIApplicationSupportsIndirectInputEvents = YES;
				INFOPLIST_KEY_UILaunchScreen_Generation = YES;
				INFOPLIST_KEY_UISupportedInterfaceOrientations_iPad = "UIInterfaceOrientationPortrait UIInterfaceOrientationPortraitUpsideDown UIInterfaceOrientationLandscapeLeft UIInterfaceOrientationLandscapeRight";
				INFOPLIST_KEY_UISupportedInterfaceOrientations_iPhone = "UIInterfaceOrientationPortrait UIInterfaceOrientationLandscapeLeft UIInterfaceOrientationLandscapeRight";
				LD_RUNPATH_SEARCH_PATHS = (
					"$(inherited)",
					"@executable_path/Frameworks",
				);
				MARKETING_VERSION = 1.0;
				PRODUCT_BUNDLE_IDENTIFIER = guillermo.jimenez.netForemostTest.netForemostTest;
				PRODUCT_NAME = "$(TARGET_NAME)";
				SWIFT_EMIT_LOC_STRINGS = YES;
				SWIFT_VERSION = 5.0;
				TARGETED_DEVICE_FAMILY = "1,2";
			};
			name = Debug;
		};
		27B0E533297A275F00EFC8DF /* Release */ = {
			isa = XCBuildConfiguration;
			buildSettings = {
				ASSETCATALOG_COMPILER_APPICON_NAME = AppIcon;
				ASSETCATALOG_COMPILER_GLOBAL_ACCENT_COLOR_NAME = AccentColor;
				CODE_SIGN_STYLE = Automatic;
				CURRENT_PROJECT_VERSION = 1;
				DEVELOPMENT_ASSET_PATHS = "\"netForemostTest/Preview Content\"";
				DEVELOPMENT_TEAM = C32JU8F72P;
				ENABLE_PREVIEWS = YES;
				GENERATE_INFOPLIST_FILE = YES;
				INFOPLIST_KEY_UIApplicationSceneManifest_Generation = YES;
				INFOPLIST_KEY_UIApplicationSupportsIndirectInputEvents = YES;
				INFOPLIST_KEY_UILaunchScreen_Generation = YES;
				INFOPLIST_KEY_UISupportedInterfaceOrientations_iPad = "UIInterfaceOrientationPortrait UIInterfaceOrientationPortraitUpsideDown UIInterfaceOrientationLandscapeLeft UIInterfaceOrientationLandscapeRight";
				INFOPLIST_KEY_UISupportedInterfaceOrientations_iPhone = "UIInterfaceOrientationPortrait UIInterfaceOrientationLandscapeLeft UIInterfaceOrientationLandscapeRight";
				LD_RUNPATH_SEARCH_PATHS = (
					"$(inherited)",
					"@executable_path/Frameworks",
				);
				MARKETING_VERSION = 1.0;
				PRODUCT_BUNDLE_IDENTIFIER = guillermo.jimenez.netForemostTest.netForemostTest;
				PRODUCT_NAME = "$(TARGET_NAME)";
				SWIFT_EMIT_LOC_STRINGS = YES;
				SWIFT_VERSION = 5.0;
				TARGETED_DEVICE_FAMILY = "1,2";
			};
			name = Release;
		};
/* End XCBuildConfiguration section */

/* Begin XCConfigurationList section */
		27B0E51E297A275E00EFC8DF /* Build configuration list for PBXProject "netForemostTest" */ = {
			isa = XCConfigurationList;
			buildConfigurations = (
				27B0E52F297A275F00EFC8DF /* Debug */,
				27B0E530297A275F00EFC8DF /* Release */,
			);
			defaultConfigurationIsVisible = 0;
			defaultConfigurationName = Release;
		};
		27B0E531297A275F00EFC8DF /* Build configuration list for PBXNativeTarget "netForemostTest" */ = {
			isa = XCConfigurationList;
			buildConfigurations = (
				27B0E532297A275F00EFC8DF /* Debug */,
				27B0E533297A275F00EFC8DF /* Release */,
			);
			defaultConfigurationIsVisible = 0;
			defaultConfigurationName = Release;
		};
/* End XCConfigurationList section */

/* Begin XCVersionGroup section */
		27B0E535297A28E400EFC8DF /* Notes.xcdatamodeld */ = {
			isa = XCVersionGroup;
			children = (
				27B0E536297A28E400EFC8DF /* Notes.xcdatamodel */,
			);
			currentVersion = 27B0E536297A28E400EFC8DF /* Notes.xcdatamodel */;
			path = Notes.xcdatamodeld;
			sourceTree = "<group>";
			versionGroupType = wrapper.xcdatamodel;
		};
/* End XCVersionGroup section */
	};
	rootObject = 27B0E51B297A275E00EFC8DF /* Project object */;
}
